
Microsoft Visual Studio Solution File, Format Version 12.00
Project("{FAE04EC0-301F-11D3-BF4B-00C04F79EFBC}") = "Sanity", "Sanity\Sanity.csproj", "{D935B01B-693F-4D4A-A482-E3D6A5F85CA9}"
EndProject
Project("{FAE04EC0-301F-11D3-BF4B-00C04F79EFBC}") = "ApiDiscovery", "ApiDiscovery\ApiDiscovery.csproj", "{C673C16D-BEE0-4C9A-B74B-E01AD0B25DDC}"
EndProject
Global
	GlobalSection(SolutionConfigurationPlatforms) = preSolution
		Debug|Any CPU = Debug|Any CPU
		Release|Any CPU = Release|Any CPU
	EndGlobalSection
	GlobalSection(ProjectConfigurationPlatforms) = postSolution
		{D935B01B-693F-4D4A-A482-E3D6A5F85CA9}.Debug|Any CPU.ActiveCfg = Debug|Any CPU
		{D935B01B-693F-4D4A-A482-E3D6A5F85CA9}.Debug|Any CPU.Build.0 = Debug|Any CPU
		{D935B01B-693F-4D4A-A482-E3D6A5F85CA9}.Release|Any CPU.ActiveCfg = Release|Any CPU
		{D935B01B-693F-4D4A-A482-E3D6A5F85CA9}.Release|Any CPU.Build.0 = Release|Any CPU
		{C673C16D-BEE0-4C9A-B74B-E01AD0B25DDC}.Debug|Any CPU.ActiveCfg = Debug|Any CPU
		{C673C16D-BEE0-4C9A-B74B-E01AD0B25DDC}.Debug|Any CPU.Build.0 = Debug|Any CPU
		{C673C16D-BEE0-4C9A-B74B-E01AD0B25DDC}.Release|Any CPU.ActiveCfg = Release|Any CPU
		{C673C16D-BEE0-4C9A-B74B-E01AD0B25DDC}.Release|Any CPU.Build.0 = Release|Any CPU
	EndGlobalSection
EndGlobal
