
Microsoft Visual Studio Solution File, Format Version 12.00
# Visual Studio Version 16
VisualStudioVersion = 25.0.1700.5
MinimumVisualStudioVersion = 10.0.40219.1
Project("{FAE04EC0-301F-11D3-BF4B-00C04F79EFBC}") = "sanity-project-dotNet6", "sanity-project-dotNet6\sanity-project-dotNet6.csproj", "{F82BF7FA-9C17-4934-B206-CE431684A889}"
EndProject
Global
	GlobalSection(SolutionConfigurationPlatforms) = preSolution
		Debug|Any CPU = Debug|Any CPU
		Release|Any CPU = Release|Any CPU
	EndGlobalSection
	GlobalSection(ProjectConfigurationPlatforms) = postSolution
		{F82BF7FA-9C17-4934-B206-CE431684A889}.Debug|Any CPU.ActiveCfg = Debug|Any CPU
		{F82BF7FA-9C17-4934-B206-CE431684A889}.Debug|Any CPU.Build.0 = Debug|Any CPU
		{F82BF7FA-9C17-4934-B206-CE431684A889}.Release|Any CPU.ActiveCfg = Release|Any CPU
		{F82BF7FA-9C17-4934-B206-CE431684A889}.Release|Any CPU.Build.0 = Release|Any CPU
	EndGlobalSection
	GlobalSection(SolutionProperties) = preSolution
		HideSolutionNode = FALSE
	EndGlobalSection
	GlobalSection(ExtensibilityGlobals) = postSolution
		SolutionGuid = {076A0308-9F92-40E4-94DC-3391262239CE}
	EndGlobalSection
EndGlobal
